github.com/imsilence/strutil v0.0.0-20200425035852-949389850a34 h1:2czp/ypZq6Ke8erjbWrpxwm4pvZQdjdwAwYUq7PEOzU=
github.com/imsilence/strutil v0.0.0-20200425035852-949389850a34/go.mod h1:zA4kY2BF57PThOW0eBKTX4HT+RI+i5QKQN173kp8qkQ=
github.com/jierli/dayupaktest v0.0.0-20200425060547-0f7ec48b961a h1:MC9uyM3BIKVN2M+mOfguyGRJMv0mp/Sw+XtxWO0FdQM=
github.com/jierli/dayupaktest v0.0.0-20200425060547-0f7ec48b961a/go.mod h1:wKmwqILBcXAZTbk1rvABO+d4K3ZYaS/fe4I5lvBiYRY=
